
Microsoft Visual Studio Solution File, Format Version 12.00
# Visual Studio Version 17
VisualStudioVersion = 17.7.34031.279
MinimumVisualStudioVersion = 10.0.40219.1
Project("{FAE04EC0-301F-11D3-BF4B-00C04F79EFBC}") = "System Collection Example", "System Collection Example.csproj", "{74BF908E-5B07-4851-A04E-944FC112618C}"
EndProject
Global
	GlobalSection(SolutionConfigurationPlatforms) = preSolution
		Debug|Any CPU = Debug|Any CPU
		Release|Any CPU = Release|Any CPU
	EndGlobalSection
	GlobalSection(ProjectConfigurationPlatforms) = postSolution
		{74BF908E-5B07-4851-A04E-944FC112618C}.Debug|Any CPU.ActiveCfg = Debug|Any CPU
		{74BF908E-5B07-4851-A04E-944FC112618C}.Debug|Any CPU.Build.0 = Debug|Any CPU
		{74BF908E-5B07-4851-A04E-944FC112618C}.Release|Any CPU.ActiveCfg = Release|Any CPU
		{74BF908E-5B07-4851-A04E-944FC112618C}.Release|Any CPU.Build.0 = Release|Any CPU
	EndGlobalSection
	GlobalSection(SolutionProperties) = preSolution
		HideSolutionNode = FALSE
	EndGlobalSection
	GlobalSection(ExtensibilityGlobals) = postSolution
		SolutionGuid = {3669BB89-6B14-4464-AE50-F56D43921357}
	EndGlobalSection
EndGlobal
